// !$*UTF8*$!
{
	archiveVersion = 1;
	classes = {
	};
	objectVersion = 56;
	objects = {

/* Begin PBXBuildFile section */
		00F9D2532C56A548002A0221 /* SolidPrincipalsApp.swift in Sources */ = {isa = PBXBuildFile; fileRef = 00F9D2522C56A548002A0221 /* SolidPrincipalsApp.swift */; };
		00F9D2572C56A54A002A0221 /* Assets.xcassets in Resources */ = {isa = PBXBuildFile; fileRef = 00F9D2562C56A54A002A0221 /* Assets.xcassets */; };
		00F9D25A2C56A54A002A0221 /* Preview Assets.xcassets in Resources */ = {isa = PBXBuildFile; fileRef = 00F9D2592C56A54A002A0221 /* Preview Assets.xcassets */; };
		00F9D2782C56A586002A0221 /* Constants.swift in Sources */ = {isa = PBXBuildFile; fileRef = 00F9D2612C56A586002A0221 /* Constants.swift */; };
		00F9D2792C56A586002A0221 /* ResponseHandler.swift in Sources */ = {isa = PBXBuildFile; fileRef = 00F9D2622C56A586002A0221 /* ResponseHandler.swift */; };
		00F9D27A2C56A586002A0221 /* NetworkManager.swift in Sources */ = {isa = PBXBuildFile; fileRef = 00F9D2632C56A586002A0221 /* NetworkManager.swift */; };
		00F9D27B2C56A586002A0221 /* DatabaseHandler.swift in Sources */ = {isa = PBXBuildFile; fileRef = 00F9D2642C56A586002A0221 /* DatabaseHandler.swift */; };
		00F9D27C2C56A586002A0221 /* DatabaseManager.swift in Sources */ = {isa = PBXBuildFile; fileRef = 00F9D2652C56A586002A0221 /* DatabaseManager.swift */; };
		00F9D27D2C56A586002A0221 /* APIHandler.swift in Sources */ = {isa = PBXBuildFile; fileRef = 00F9D2662C56A586002A0221 /* APIHandler.swift */; };
		00F9D27E2C56A586002A0221 /* ProductsViewModel.swift in Sources */ = {isa = PBXBuildFile; fileRef = 00F9D26A2C56A586002A0221 /* ProductsViewModel.swift */; };
		00F9D27F2C56A586002A0221 /* Products.swift in Sources */ = {isa = PBXBuildFile; fileRef = 00F9D26D2C56A586002A0221 /* Products.swift */; };
		00F9D2802C56A586002A0221 /* ProdcutsDataSource.swift in Sources */ = {isa = PBXBuildFile; fileRef = 00F9D26E2C56A586002A0221 /* ProdcutsDataSource.swift */; };
		00F9D2812C56A586002A0221 /* ProductsContentView.swift in Sources */ = {isa = PBXBuildFile; fileRef = 00F9D2702C56A586002A0221 /* ProductsContentView.swift */; };
		00F9D2822C56A586002A0221 /* Users.swift in Sources */ = {isa = PBXBuildFile; fileRef = 00F9D2732C56A586002A0221 /* Users.swift */; };
		00F9D2832C56A586002A0221 /* Release.xcconfig in Resources */ = {isa = PBXBuildFile; fileRef = 00F9D2752C56A586002A0221 /* Release.xcconfig */; };
		00F9D2842C56A586002A0221 /* Development.xcconfig in Resources */ = {isa = PBXBuildFile; fileRef = 00F9D2762C56A586002A0221 /* Development.xcconfig */; };
		00F9D2852C56A586002A0221 /* AppConfig.swift in Sources */ = {isa = PBXBuildFile; fileRef = 00F9D2772C56A586002A0221 /* AppConfig.swift */; };
/* End PBXBuildFile section */

/* Begin PBXFileReference section */
		00F9D24F2C56A548002A0221 /* SolidPrincipals.app */ = {isa = PBXFileReference; explicitFileType = wrapper.application; includeInIndex = 0; path = SolidPrincipals.app; sourceTree = BUILT_PRODUCTS_DIR; };
		00F9D2522C56A548002A0221 /* SolidPrincipalsApp.swift */ = {isa = PBXFileReference; lastKnownFileType = sourcecode.swift; path = SolidPrincipalsApp.swift; sourceTree = "<group>"; };
		00F9D2562C56A54A002A0221 /* Assets.xcassets */ = {isa = PBXFileReference; lastKnownFileType = folder.assetcatalog; path = Assets.xcassets; sourceTree = "<group>"; };
		00F9D2592C56A54A002A0221 /* Preview Assets.xcassets */ = {isa = PBXFileReference; lastKnownFileType = folder.assetcatalog; path = "Preview Assets.xcassets"; sourceTree = "<group>"; };
		00F9D2612C56A586002A0221 /* Constants.swift */ = {isa = PBXFileReference; fileEncoding = 4; lastKnownFileType = sourcecode.swift; path = Constants.swift; sourceTree = "<group>"; };
		00F9D2622C56A586002A0221 /* ResponseHandler.swift */ = {isa = PBXFileReference; fileEncoding = 4; lastKnownFileType = sourcecode.swift; path = ResponseHandler.swift; sourceTree = "<group>"; };
		00F9D2632C56A586002A0221 /* NetworkManager.swift */ = {isa = PBXFileReference; fileEncoding = 4; lastKnownFileType = sourcecode.swift; path = NetworkManager.swift; sourceTree = "<group>"; };
		00F9D2642C56A586002A0221 /* DatabaseHandler.swift */ = {isa = PBXFileReference; fileEncoding = 4; lastKnownFileType = sourcecode.swift; path = DatabaseHandler.swift; sourceTree = "<group>"; };
		00F9D2652C56A586002A0221 /* DatabaseManager.swift */ = {isa = PBXFileReference; fileEncoding = 4; lastKnownFileType = sourcecode.swift; path = DatabaseManager.swift; sourceTree = "<group>"; };
		00F9D2662C56A586002A0221 /* APIHandler.swift */ = {isa = PBXFileReference; fileEncoding = 4; lastKnownFileType = sourcecode.swift; path = APIHandler.swift; sourceTree = "<group>"; };
		00F9D26A2C56A586002A0221 /* ProductsViewModel.swift */ = {isa = PBXFileReference; fileEncoding = 4; lastKnownFileType = sourcecode.swift; path = ProductsViewModel.swift; sourceTree = "<group>"; };
		00F9D26D2C56A586002A0221 /* Products.swift */ = {isa = PBXFileReference; fileEncoding = 4; lastKnownFileType = sourcecode.swift; path = Products.swift; sourceTree = "<group>"; };
		00F9D26E2C56A586002A0221 /* ProdcutsDataSource.swift */ = {isa = PBXFileReference; fileEncoding = 4; lastKnownFileType = sourcecode.swift; path = ProdcutsDataSource.swift; sourceTree = "<group>"; };
		00F9D2702C56A586002A0221 /* ProductsContentView.swift */ = {isa = PBXFileReference; fileEncoding = 4; lastKnownFileType = sourcecode.swift; path = ProductsContentView.swift; sourceTree = "<group>"; };
		00F9D2732C56A586002A0221 /* Users.swift */ = {isa = PBXFileReference; fileEncoding = 4; lastKnownFileType = sourcecode.swift; path = Users.swift; sourceTree = "<group>"; };
		00F9D2752C56A586002A0221 /* Release.xcconfig */ = {isa = PBXFileReference; fileEncoding = 4; lastKnownFileType = text.xcconfig; path = Release.xcconfig; sourceTree = "<group>"; };
		00F9D2762C56A586002A0221 /* Development.xcconfig */ = {isa = PBXFileReference; fileEncoding = 4; lastKnownFileType = text.xcconfig; path = Development.xcconfig; sourceTree = "<group>"; };
		00F9D2772C56A586002A0221 /* AppConfig.swift */ = {isa = PBXFileReference; fileEncoding = 4; lastKnownFileType = sourcecode.swift; path = AppConfig.swift; sourceTree = "<group>"; };
		00F9D2862C56A59A002A0221 /* Info.plist */ = {isa = PBXFileReference; lastKnownFileType = text.plist; path = Info.plist; sourceTree = "<group>"; };
/* End PBXFileReference section */

/* Begin PBXFrameworksBuildPhase section */
		00F9D24C2C56A548002A0221 /* Frameworks */ = {
			isa = PBXFrameworksBuildPhase;
			buildActionMask = 2147483647;
			files = (
			);
			runOnlyForDeploymentPostprocessing = 0;
		};
/* End PBXFrameworksBuildPhase section */

/* Begin PBXGroup section */
		00F9D2462C56A548002A0221 = {
			isa = PBXGroup;
			children = (
				00F9D2512C56A548002A0221 /* SolidPrincipals */,
				00F9D2502C56A548002A0221 /* Products */,
			);
			sourceTree = "<group>";
		};
		00F9D2502C56A548002A0221 /* Products */ = {
			isa = PBXGroup;
			children = (
				00F9D24F2C56A548002A0221 /* SolidPrincipals.app */,
			);
			name = Products;
			sourceTree = "<group>";
		};
		00F9D2512C56A548002A0221 /* SolidPrincipals */ = {
			isa = PBXGroup;
			children = (
				00F9D2862C56A59A002A0221 /* Info.plist */,
				00F9D2742C56A586002A0221 /* Config */,
				00F9D2602C56A586002A0221 /* Helpers */,
				00F9D2672C56A586002A0221 /* Modules */,
				00F9D2522C56A548002A0221 /* SolidPrincipalsApp.swift */,
				00F9D2562C56A54A002A0221 /* Assets.xcassets */,
				00F9D2582C56A54A002A0221 /* Preview Content */,
			);
			path = SolidPrincipals;
			sourceTree = "<group>";
		};
		00F9D2582C56A54A002A0221 /* Preview Content */ = {
			isa = PBXGroup;
			children = (
				00F9D2592C56A54A002A0221 /* Preview Assets.xcassets */,
			);
			path = "Preview Content";
			sourceTree = "<group>";
		};
		00F9D2602C56A586002A0221 /* Helpers */ = {
			isa = PBXGroup;
			children = (
				00F9D2612C56A586002A0221 /* Constants.swift */,
				00F9D2622C56A586002A0221 /* ResponseHandler.swift */,
				00F9D2632C56A586002A0221 /* NetworkManager.swift */,
				00F9D2642C56A586002A0221 /* DatabaseHandler.swift */,
				00F9D2652C56A586002A0221 /* DatabaseManager.swift */,
				00F9D2662C56A586002A0221 /* APIHandler.swift */,
			);
			path = Helpers;
			sourceTree = "<group>";
		};
		00F9D2672C56A586002A0221 /* Modules */ = {
			isa = PBXGroup;
			children = (
				00F9D2682C56A586002A0221 /* Products */,
				00F9D2712C56A586002A0221 /* Users */,
			);
			path = Modules;
			sourceTree = "<group>";
		};
		00F9D2682C56A586002A0221 /* Products */ = {
			isa = PBXGroup;
			children = (
				00F9D2692C56A586002A0221 /* ViewModel */,
				00F9D26B2C56A586002A0221 /* Utilities */,
				00F9D26C2C56A586002A0221 /* Model */,
				00F9D26F2C56A586002A0221 /* View */,
			);
			path = Products;
			sourceTree = "<group>";
		};
		00F9D2692C56A586002A0221 /* ViewModel */ = {
			isa = PBXGroup;
			children = (
				00F9D26A2C56A586002A0221 /* ProductsViewModel.swift */,
			);
			path = ViewModel;
			sourceTree = "<group>";
		};
		00F9D26B2C56A586002A0221 /* Utilities */ = {
			isa = PBXGroup;
			children = (
			);
			path = Utilities;
			sourceTree = "<group>";
		};
		00F9D26C2C56A586002A0221 /* Model */ = {
			isa = PBXGroup;
			children = (
				00F9D26D2C56A586002A0221 /* Products.swift */,
				00F9D26E2C56A586002A0221 /* ProdcutsDataSource.swift */,
			);
			path = Model;
			sourceTree = "<group>";
		};
		00F9D26F2C56A586002A0221 /* View */ = {
			isa = PBXGroup;
			children = (
				00F9D2702C56A586002A0221 /* ProductsContentView.swift */,
			);
			path = View;
			sourceTree = "<group>";
		};
		00F9D2712C56A586002A0221 /* Users */ = {
			isa = PBXGroup;
			children = (
				00F9D2722C56A586002A0221 /* Model */,
			);
			path = Users;
			sourceTree = "<group>";
		};
		00F9D2722C56A586002A0221 /* Model */ = {
			isa = PBXGroup;
			children = (
				00F9D2732C56A586002A0221 /* Users.swift */,
			);
			path = Model;
			sourceTree = "<group>";
		};
		00F9D2742C56A586002A0221 /* Config */ = {
			isa = PBXGroup;
			children = (
				00F9D2752C56A586002A0221 /* Release.xcconfig */,
				00F9D2762C56A586002A0221 /* Development.xcconfig */,
				00F9D2772C56A586002A0221 /* AppConfig.swift */,
			);
			path = Config;
			sourceTree = "<group>";
		};
/* End PBXGroup section */

/* Begin PBXNativeTarget section */
		00F9D24E2C56A548002A0221 /* SolidPrincipals */ = {
			isa = PBXNativeTarget;
			buildConfigurationList = 00F9D25D2C56A54A002A0221 /* Build configuration list for PBXNativeTarget "SolidPrincipals" */;
			buildPhases = (
				00F9D24B2C56A548002A0221 /* Sources */,
				00F9D24C2C56A548002A0221 /* Frameworks */,
				00F9D24D2C56A548002A0221 /* Resources */,
			);
			buildRules = (
			);
			dependencies = (
			);
			name = SolidPrincipals;
			productName = SolidPrincipals;
			productReference = 00F9D24F2C56A548002A0221 /* SolidPrincipals.app */;
			productType = "com.apple.product-type.application";
		};
/* End PBXNativeTarget section */

/* Begin PBXProject section */
		00F9D2472C56A548002A0221 /* Project object */ = {
			isa = PBXProject;
			attributes = {
				BuildIndependentTargetsInParallel = 1;
				LastSwiftUpdateCheck = 1420;
				LastUpgradeCheck = 1420;
				TargetAttributes = {
					00F9D24E2C56A548002A0221 = {
						CreatedOnToolsVersion = 14.2;
					};
				};
			};
			buildConfigurationList = 00F9D24A2C56A548002A0221 /* Build configuration list for PBXProject "SolidPrincipals" */;
			compatibilityVersion = "Xcode 14.0";
			developmentRegion = en;
			hasScannedForEncodings = 0;
			knownRegions = (
				en,
				Base,
			);
			mainGroup = 00F9D2462C56A548002A0221;
			productRefGroup = 00F9D2502C56A548002A0221 /* Products */;
			projectDirPath = "";
			projectRoot = "";
			targets = (
				00F9D24E2C56A548002A0221 /* SolidPrincipals */,
			);
		};
/* End PBXProject section */

/* Begin PBXResourcesBuildPhase section */
		00F9D24D2C56A548002A0221 /* Resources */ = {
			isa = PBXResourcesBuildPhase;
			buildActionMask = 2147483647;
			files = (
				00F9D25A2C56A54A002A0221 /* Preview Assets.xcassets in Resources */,
				00F9D2572C56A54A002A0221 /* Assets.xcassets in Resources */,
				00F9D2842C56A586002A0221 /* Development.xcconfig in Resources */,
				00F9D2832C56A586002A0221 /* Release.xcconfig in Resources */,
			);
			runOnlyForDeploymentPostprocessing = 0;
		};
/* End PBXResourcesBuildPhase section */

/* Begin PBXSourcesBuildPhase section */
		00F9D24B2C56A548002A0221 /* Sources */ = {
			isa = PBXSourcesBuildPhase;
			buildActionMask = 2147483647;
			files = (
				00F9D27E2C56A586002A0221 /* ProductsViewModel.swift in Sources */,
				00F9D2792C56A586002A0221 /* ResponseHandler.swift in Sources */,
				00F9D2852C56A586002A0221 /* AppConfig.swift in Sources */,
				00F9D27A2C56A586002A0221 /* NetworkManager.swift in Sources */,
				00F9D27D2C56A586002A0221 /* APIHandler.swift in Sources */,
				00F9D27B2C56A586002A0221 /* DatabaseHandler.swift in Sources */,
				00F9D2812C56A586002A0221 /* ProductsContentView.swift in Sources */,
				00F9D2532C56A548002A0221 /* SolidPrincipalsApp.swift in Sources */,
				00F9D27F2C56A586002A0221 /* Products.swift in Sources */,
				00F9D2822C56A586002A0221 /* Users.swift in Sources */,
				00F9D2782C56A586002A0221 /* Constants.swift in Sources */,
				00F9D27C2C56A586002A0221 /* DatabaseManager.swift in Sources */,
				00F9D2802C56A586002A0221 /* ProdcutsDataSource.swift in Sources */,
			);
			runOnlyForDeploymentPostprocessing = 0;
		};
/* End PBXSourcesBuildPhase section */

/* Begin XCBuildConfiguration section */
		00F9D25B2C56A54A002A0221 /* Debug */ = {
			isa = XCBuildConfiguration;
			baseConfigurationReference = 00F9D2762C56A586002A0221 /* Development.xcconfig */;
			buildSettings = {
				ALWAYS_SEARCH_USER_PATHS = NO;
				CLANG_ANALYZER_NONNULL = YES;
				CLANG_ANALYZER_NUMBER_OBJECT_CONVERSION = YES_AGGRESSIVE;
				CLANG_CXX_LANGUAGE_STANDARD = "gnu++20";
				CLANG_ENABLE_MODULES = YES;
				CLANG_ENABLE_OBJC_ARC = YES;
				CLANG_ENABLE_OBJC_WEAK = YES;
				CLANG_WARN_BLOCK_CAPTURE_AUTORELEASING = YES;
				CLANG_WARN_BOOL_CONVERSION = YES;
				CLANG_WARN_COMMA = YES;
				CLANG_WARN_CONSTANT_CONVERSION = YES;
				CLANG_WARN_DEPRECATED_OBJC_IMPLEMENTATIONS = YES;
				CLANG_WARN_DIRECT_OBJC_ISA_USAGE = YES_ERROR;
				CLANG_WARN_DOCUMENTATION_COMMENTS = YES;
				CLANG_WARN_EMPTY_BODY = YES;
				CLANG_WARN_ENUM_CONVERSION = YES;
				CLANG_WARN_INFINITE_RECURSION = YES;
				CLANG_WARN_INT_CONVERSION = YES;
				CLANG_WARN_NON_LITERAL_NULL_CONVERSION = YES;
				CLANG_WARN_OBJC_IMPLICIT_RETAIN_SELF = YES;
				CLANG_WARN_OBJC_LITERAL_CONVERSION = YES;
				CLANG_WARN_OBJC_ROOT_CLASS = YES_ERROR;
				CLANG_WARN_QUOTED_INCLUDE_IN_FRAMEWORK_HEADER = YES;
				CLANG_WARN_RANGE_LOOP_ANALYSIS = YES;
				CLANG_WARN_STRICT_PROTOTYPES = YES;
				CLANG_WARN_SUSPICIOUS_MOVE = YES;
				CLANG_WARN_UNGUARDED_AVAILABILITY = YES_AGGRESSIVE;
				CLANG_WARN_UNREACHABLE_CODE = YES;
				CLANG_WARN__DUPLICATE_METHOD_MATCH = YES;
				COPY_PHASE_STRIP = NO;
				DEBUG_INFORMATION_FORMAT = dwarf;
				ENABLE_STRICT_OBJC_MSGSEND = YES;
				ENABLE_TESTABILITY = YES;
				GCC_C_LANGUAGE_STANDARD = gnu11;
				GCC_DYNAMIC_NO_PIC = NO;
				GCC_NO_COMMON_BLOCKS = YES;
				GCC_OPTIMIZATION_LEVEL = 0;
				GCC_PREPROCESSOR_DEFINITIONS = (
					"DEBUG=1",
					"$(inherited)",
				);
				GCC_WARN_64_TO_32_BIT_CONVERSION = YES;
				GCC_WARN_ABOUT_RETURN_TYPE = YES_ERROR;
				GCC_WARN_UNDECLARED_SELECTOR = YES;
				GCC_WARN_UNINITIALIZED_AUTOS = YES_AGGRESSIVE;
				GCC_WARN_UNUSED_FUNCTION = YES;
				GCC_WARN_UNUSED_VARIABLE = YES;
				IPHONEOS_DEPLOYMENT_TARGET = 16.2;
				MTL_ENABLE_DEBUG_INFO = INCLUDE_SOURCE;
				MTL_FAST_MATH = YES;
				ONLY_ACTIVE_ARCH = YES;
				SDKROOT = iphoneos;
				SWIFT_ACTIVE_COMPILATION_CONDITIONS = DEBUG;
				SWIFT_OPTIMIZATION_LEVEL = "-Onone";
			};
			name = Debug;
		};
		00F9D25C2C56A54A002A0221 /* Release */ = {
			isa = XCBuildConfiguration;
			baseConfigurationReference = 00F9D2752C56A586002A0221 /* Release.xcconfig */;
			buildSettings = {
				ALWAYS_SEARCH_USER_PATHS = NO;
				CLANG_ANALYZER_NONNULL = YES;
				CLANG_ANALYZER_NUMBER_OBJECT_CONVERSION = YES_AGGRESSIVE;
				CLANG_CXX_LANGUAGE_STANDARD = "gnu++20";
				CLANG_ENABLE_MODULES = YES;
				CLANG_ENABLE_OBJC_ARC = YES;
				CLANG_ENABLE_OBJC_WEAK = YES;
				CLANG_WARN_BLOCK_CAPTURE_AUTORELEASING = YES;
				CLANG_WARN_BOOL_CONVERSION = YES;
				CLANG_WARN_COMMA = YES;
				CLANG_WARN_CONSTANT_CONVERSION = YES;
				CLANG_WARN_DEPRECATED_OBJC_IMPLEMENTATIONS = YES;
				CLANG_WARN_DIRECT_OBJC_ISA_USAGE = YES_ERROR;
				CLANG_WARN_DOCUMENTATION_COMMENTS = YES;
				CLANG_WARN_EMPTY_BODY = YES;
				CLANG_WARN_ENUM_CONVERSION = YES;
				CLANG_WARN_INFINITE_RECURSION = YES;
				CLANG_WARN_INT_CONVERSION = YES;
				CLANG_WARN_NON_LITERAL_NULL_CONVERSION = YES;
				CLANG_WARN_OBJC_IMPLICIT_RETAIN_SELF = YES;
				CLANG_WARN_OBJC_LITERAL_CONVERSION = YES;
				CLANG_WARN_OBJC_ROOT_CLASS = YES_ERROR;
				CLANG_WARN_QUOTED_INCLUDE_IN_FRAMEWORK_HEADER = YES;
				CLANG_WARN_RANGE_LOOP_ANALYSIS = YES;
				CLANG_WARN_STRICT_PROTOTYPES = YES;
				CLANG_WARN_SUSPICIOUS_MOVE = YES;
				CLANG_WARN_UNGUARDED_AVAILABILITY = YES_AGGRESSIVE;
				CLANG_WARN_UNREACHABLE_CODE = YES;
				CLANG_WARN__DUPLICATE_METHOD_MATCH = YES;
				COPY_PHASE_STRIP = NO;
				DEBUG_INFORMATION_FORMAT = "dwarf-with-dsym";
				ENABLE_NS_ASSERTIONS = NO;
				ENABLE_STRICT_OBJC_MSGSEND = YES;
				GCC_C_LANGUAGE_STANDARD = gnu11;
				GCC_NO_COMMON_BLOCKS = YES;
				GCC_WARN_64_TO_32_BIT_CONVERSION = YES;
				GCC_WARN_ABOUT_RETURN_TYPE = YES_ERROR;
				GCC_WARN_UNDECLARED_SELECTOR = YES;
				GCC_WARN_UNINITIALIZED_AUTOS = YES_AGGRESSIVE;
				GCC_WARN_UNUSED_FUNCTION = YES;
				GCC_WARN_UNUSED_VARIABLE = YES;
				IPHONEOS_DEPLOYMENT_TARGET = 16.2;
				MTL_ENABLE_DEBUG_INFO = NO;
				MTL_FAST_MATH = YES;
				SDKROOT = iphoneos;
				SWIFT_COMPILATION_MODE = wholemodule;
				SWIFT_OPTIMIZATION_LEVEL = "-O";
				VALIDATE_PRODUCT = YES;
			};
			name = Release;
		};
		00F9D25E2C56A54A002A0221 /* Debug */ = {
			isa = XCBuildConfiguration;
			baseConfigurationReference = 00F9D2762C56A586002A0221 /* Development.xcconfig */;
			buildSettings = {
				ASSETCATALOG_COMPILER_APPICON_NAME = AppIcon;
				ASSETCATALOG_COMPILER_GLOBAL_ACCENT_COLOR_NAME = AccentColor;
				BASE_URL = "$(PROTOCAL)://$(HOST)";
				CODE_SIGN_STYLE = Automatic;
				CURRENT_PROJECT_VERSION = 1;
				DEVELOPMENT_ASSET_PATHS = "\"SolidPrincipals/Preview Content\"";
				ENABLE_PREVIEWS = YES;
				GENERATE_INFOPLIST_FILE = YES;
				INFOPLIST_FILE = SolidPrincipals/Info.plist;
				INFOPLIST_KEY_UIApplicationSceneManifest_Generation = YES;
				INFOPLIST_KEY_UIApplicationSupportsIndirectInputEvents = YES;
				INFOPLIST_KEY_UILaunchScreen_Generation = YES;
				INFOPLIST_KEY_UISupportedInterfaceOrientations_iPad = "UIInterfaceOrientationPortrait UIInterfaceOrientationPortraitUpsideDown UIInterfaceOrientationLandscapeLeft UIInterfaceOrientationLandscapeRight";
				INFOPLIST_KEY_UISupportedInterfaceOrientations_iPhone = "UIInterfaceOrientationPortrait UIInterfaceOrientationLandscapeLeft UIInterfaceOrientationLandscapeRight";
				LD_RUNPATH_SEARCH_PATHS = (
					"$(inherited)",
					"@executable_path/Frameworks",
				);
				MARKETING_VERSION = 1.0;
				PRODUCT_BUNDLE_IDENTIFIER = com.iosdevelopment.SolidPrincipals;
				PRODUCT_NAME = "$(TARGET_NAME)";
				SWIFT_EMIT_LOC_STRINGS = YES;
				SWIFT_VERSION = 5.0;
				TARGETED_DEVICE_FAMILY = "1,2";
			};
			name = Debug;
		};
		00F9D25F2C56A54A002A0221 /* Release */ = {
			isa = XCBuildConfiguration;
			baseConfigurationReference = 00F9D2752C56A586002A0221 /* Release.xcconfig */;
			buildSettings = {
				ASSETCATALOG_COMPILER_APPICON_NAME = AppIcon;
				ASSETCATALOG_COMPILER_GLOBAL_ACCENT_COLOR_NAME = AccentColor;
				BASE_URL = "$(PROTOCAL)://$(HOST)";
				CODE_SIGN_STYLE = Automatic;
				CURRENT_PROJECT_VERSION = 1;
				DEVELOPMENT_ASSET_PATHS = "\"SolidPrincipals/Preview Content\"";
				ENABLE_PREVIEWS = YES;
				GENERATE_INFOPLIST_FILE = YES;
				INFOPLIST_FILE = SolidPrincipals/Info.plist;
				INFOPLIST_KEY_UIApplicationSceneManifest_Generation = YES;
				INFOPLIST_KEY_UIApplicationSupportsIndirectInputEvents = YES;
				INFOPLIST_KEY_UILaunchScreen_Generation = YES;
				INFOPLIST_KEY_UISupportedInterfaceOrientations_iPad = "UIInterfaceOrientationPortrait UIInterfaceOrientationPortraitUpsideDown UIInterfaceOrientationLandscapeLeft UIInterfaceOrientationLandscapeRight";
				INFOPLIST_KEY_UISupportedInterfaceOrientations_iPhone = "UIInterfaceOrientationPortrait UIInterfaceOrientationLandscapeLeft UIInterfaceOrientationLandscapeRight";
				LD_RUNPATH_SEARCH_PATHS = (
					"$(inherited)",
					"@executable_path/Frameworks",
				);
				MARKETING_VERSION = 1.0;
				PRODUCT_BUNDLE_IDENTIFIER = com.iosdevelopment.SolidPrincipals;
				PRODUCT_NAME = "$(TARGET_NAME)";
				SWIFT_EMIT_LOC_STRINGS = YES;
				SWIFT_VERSION = 5.0;
				TARGETED_DEVICE_FAMILY = "1,2";
			};
			name = Release;
		};
/* End XCBuildConfiguration section */

/* Begin XCConfigurationList section */
		00F9D24A2C56A548002A0221 /* Build configuration list for PBXProject "SolidPrincipals" */ = {
			isa = XCConfigurationList;
			buildConfigurations = (
				00F9D25B2C56A54A002A0221 /* Debug */,
				00F9D25C2C56A54A002A0221 /* Release */,
			);
			defaultConfigurationIsVisible = 0;
			defaultConfigurationName = Release;
		};
		00F9D25D2C56A54A002A0221 /* Build configuration list for PBXNativeTarget "SolidPrincipals" */ = {
			isa = XCConfigurationList;
			buildConfigurations = (
				00F9D25E2C56A54A002A0221 /* Debug */,
				00F9D25F2C56A54A002A0221 /* Release */,
			);
			defaultConfigurationIsVisible = 0;
			defaultConfigurationName = Release;
		};
/* End XCConfigurationList section */
	};
	rootObject = 00F9D2472C56A548002A0221 /* Project object */;
}
